
Microsoft Visual Studio Solution File, Format Version 12.00
# Visual Studio 15
VisualStudioVersion = 15.0.27703.2035
MinimumVisualStudioVersion = 10.0.40219.1
Project("{9A19103F-16F7-4668-BE54-9A1E7A4F7556}") = "DoubleMastersDegreeProgramme", "DoubleMastersDegreeProgramme\DoubleMastersDegreeProgramme.csproj", "{745147B3-A0AE-4E90-B705-2F51A3EB5DF1}"
EndProject
Global
	GlobalSection(SolutionConfigurationPlatforms) = preSolution
		Debug|Any CPU = Debug|Any CPU
		Release|Any CPU = Release|Any CPU
	EndGlobalSection
	GlobalSection(ProjectConfigurationPlatforms) = postSolution
		{745147B3-A0AE-4E90-B705-2F51A3EB5DF1}.Debug|Any CPU.ActiveCfg = Debug|Any CPU
		{745147B3-A0AE-4E90-B705-2F51A3EB5DF1}.Debug|Any CPU.Build.0 = Debug|Any CPU
		{745147B3-A0AE-4E90-B705-2F51A3EB5DF1}.Release|Any CPU.ActiveCfg = Release|Any CPU
		{745147B3-A0AE-4E90-B705-2F51A3EB5DF1}.Release|Any CPU.Build.0 = Release|Any CPU
	EndGlobalSection
	GlobalSection(SolutionProperties) = preSolution
		HideSolutionNode = FALSE
	EndGlobalSection
	GlobalSection(ExtensibilityGlobals) = postSolution
		SolutionGuid = {5B9D61EB-A15D-4B7B-9831-20A6515D4004}
	EndGlobalSection
EndGlobal
